
Microsoft Visual Studio Solution File, Format Version 12.00
# Visual Studio Version 17
VisualStudioVersion = 17.4.33213.308
MinimumVisualStudioVersion = 10.0.40219.1
Project("{FAE04EC0-301F-11D3-BF4B-00C04F79EFBC}") = "lab9", "8labbib\lab9.csproj", "{DC8AB109-664C-4A67-89AE-501A13972DEA}"
EndProject
Project("{FAE04EC0-301F-11D3-BF4B-00C04F79EFBC}") = "SI_l9", "lab999\SI_l9.csproj", "{09AAF0E6-6636-41BA-8912-BAB5C695E2B7}"
EndProject
Global
	GlobalSection(SolutionConfigurationPlatforms) = preSolution
		Debug|Any CPU = Debug|Any CPU
		Release|Any CPU = Release|Any CPU
	EndGlobalSection
	GlobalSection(ProjectConfigurationPlatforms) = postSolution
		{DC8AB109-664C-4A67-89AE-501A13972DEA}.Debug|Any CPU.ActiveCfg = Debug|Any CPU
		{DC8AB109-664C-4A67-89AE-501A13972DEA}.Debug|Any CPU.Build.0 = Debug|Any CPU
		{DC8AB109-664C-4A67-89AE-501A13972DEA}.Release|Any CPU.ActiveCfg = Release|Any CPU
		{DC8AB109-664C-4A67-89AE-501A13972DEA}.Release|Any CPU.Build.0 = Release|Any CPU
		{09AAF0E6-6636-41BA-8912-BAB5C695E2B7}.Debug|Any CPU.ActiveCfg = Debug|Any CPU
		{09AAF0E6-6636-41BA-8912-BAB5C695E2B7}.Debug|Any CPU.Build.0 = Debug|Any CPU
		{09AAF0E6-6636-41BA-8912-BAB5C695E2B7}.Release|Any CPU.ActiveCfg = Release|Any CPU
		{09AAF0E6-6636-41BA-8912-BAB5C695E2B7}.Release|Any CPU.Build.0 = Release|Any CPU
	EndGlobalSection
	GlobalSection(SolutionProperties) = preSolution
		HideSolutionNode = FALSE
	EndGlobalSection
	GlobalSection(ExtensibilityGlobals) = postSolution
		SolutionGuid = {2C694260-1D9C-439E-8C4D-9B56AF1EE4A3}
	EndGlobalSection
EndGlobal
